// !$*UTF8*$!
{
	archiveVersion = 1;
	classes = {
	};
	objectVersion = 56;
	objects = {

/* Begin PBXBuildFile section */
		DED4D0B5EB3A4C628EC65971 /* App.swift in Sources */ = {isa = PBXBuildFile; fileRef = 6B8CF4E847AD4FB6A9DCF2EA /* App.swift */; };
		47A1631D3FCB4C3BA8C25161 /* CacheRepository.swift in Sources */ = {isa = PBXBuildFile; fileRef = 00C9593F4D0D4CF89BA237CC /* CacheRepository.swift */; };
		A33C2531AB634A0D90508CE1 /* Database.swift in Sources */ = {isa = PBXBuildFile; fileRef = 56748C0C3A33450A9ABD0DAE /* Database.swift */; };
		1C28D682C31B4EE3B140405A /* DictionaryRepository.swift in Sources */ = {isa = PBXBuildFile; fileRef = A79BCB5DFBA8424699B83C3D /* DictionaryRepository.swift */; };
		2FF9D35C9B3347C6B474A9A7 /* LibraryRepository.swift in Sources */ = {isa = PBXBuildFile; fileRef = 78190B3E88DF40248939C573 /* LibraryRepository.swift */; };
		DEFB6DE3F6AF43198B109C5B /* SettingsStore.swift in Sources */ = {isa = PBXBuildFile; fileRef = 282D2436EDF645808E0EB2A3 /* SettingsStore.swift */; };
		6BBA2EA1BD2640A2BEBF477C /* AppSettings.swift in Sources */ = {isa = PBXBuildFile; fileRef = 1DB04E36A48245039918344E /* AppSettings.swift */; };
		CC47BB83E9534C8193D2274F /* DictionaryEntry.swift in Sources */ = {isa = PBXBuildFile; fileRef = D58DB26F5C394C22A434D235 /* DictionaryEntry.swift */; };
		2EB304AA652143128CDD944F /* DocumentFormat.swift in Sources */ = {isa = PBXBuildFile; fileRef = CB17B5D8C77C43A891D0A9F9 /* DocumentFormat.swift */; };
		C0FC282F090441D2BD4EF3A1 /* LibraryDocument.swift in Sources */ = {isa = PBXBuildFile; fileRef = DFE1C885CF3A451498E52C65 /* LibraryDocument.swift */; };
		0D06DC7BD6714F4FAD902A95 /* ReaderStyle.swift in Sources */ = {isa = PBXBuildFile; fileRef = BAE20AA933DC462B8EF6BC47 /* ReaderStyle.swift */; };
		DE7B49AD7FBA42599E23DCFB /* TranslationModels.swift in Sources */ = {isa = PBXBuildFile; fileRef = E5F2A3F3F4A84EE89F0DAA9A /* TranslationModels.swift */; };
		507317E5125B4A95B8C2EC49 /* BookContent.swift in Sources */ = {isa = PBXBuildFile; fileRef = 3A2237A205D24FBFAAE293CA /* BookContent.swift */; };
		D0D7E6055B3A435DA8932591 /* EpubParser.swift in Sources */ = {isa = PBXBuildFile; fileRef = A2EECB3DB20748D29040A4D7 /* EpubParser.swift */; };
		3F3E4243226F42498C2568E9 /* HtmlParser.swift in Sources */ = {isa = PBXBuildFile; fileRef = 3159F882027F431F9FDF5FAC /* HtmlParser.swift */; };
		F88F523704034BCCA5443E44 /* HtmlText.swift in Sources */ = {isa = PBXBuildFile; fileRef = 24E5015950E34201BF13AF3A /* HtmlText.swift */; };
		A6DDC7770C714B1BB913F7E3 /* Zip.swift in Sources */ = {isa = PBXBuildFile; fileRef = E0F447387B6D4595B0BF6E11 /* Zip.swift */; };
		CCF043EA09D248C0A5122C06 /* DictionaryApiProvider.swift in Sources */ = {isa = PBXBuildFile; fileRef = 801E5373ECF94379AD60F625 /* DictionaryApiProvider.swift */; };
		E13E007D36464D39BF0C3D60 /* GoogleUnofficialProvider.swift in Sources */ = {isa = PBXBuildFile; fileRef = A05038BE05FA47A68F8000C2 /* GoogleUnofficialProvider.swift */; };
		73BCA48CF6BB41E0A12557A7 /* MyMemoryProvider.swift in Sources */ = {isa = PBXBuildFile; fileRef = A2D7857F1DEE4F439AF694D6 /* MyMemoryProvider.swift */; };
		624476343C7D4419954D4F00 /* WiktionaryProvider.swift in Sources */ = {isa = PBXBuildFile; fileRef = DF7649E684D04BCD9010A518 /* WiktionaryProvider.swift */; };
		3B2270B08825465397531516 /* TranslationService.swift in Sources */ = {isa = PBXBuildFile; fileRef = 0649809065344FF683825563 /* TranslationService.swift */; };
		6D813E712410454EBF3A14BB /* AppState.swift in Sources */ = {isa = PBXBuildFile; fileRef = B265CB6B1540422D99D3E323 /* AppState.swift */; };
		389BD92A6D8B48F5946F28B1 /* TermMatcher.swift in Sources */ = {isa = PBXBuildFile; fileRef = EB8786845E654FDDA924A315 /* TermMatcher.swift */; };
		8364459072AC4E37AABB4F83 /* TextNormalizer.swift in Sources */ = {isa = PBXBuildFile; fileRef = 21F2A81A54494256AE3BA6DC /* TextNormalizer.swift */; };
		9AE983AC7FBD4A7980D992FC /* DictionaryView.swift in Sources */ = {isa = PBXBuildFile; fileRef = 87157EF6198C40FF84BC1098 /* DictionaryView.swift */; };
		A19F2803DC0843C9A1654957 /* EntryEditView.swift in Sources */ = {isa = PBXBuildFile; fileRef = 312218425D65413691599CD2 /* EntryEditView.swift */; };
		8F396AED469944F5897196BF /* LibraryView.swift in Sources */ = {isa = PBXBuildFile; fileRef = 63E429D9E94645F2A83E2523 /* LibraryView.swift */; };
		AFA4E5855F1A492CB2918B55 /* AddEntrySheet.swift in Sources */ = {isa = PBXBuildFile; fileRef = 9577A1AD04A84EC69B921182 /* AddEntrySheet.swift */; };
		C291A0C274AE415289A9C613 /* BookRenderer.swift in Sources */ = {isa = PBXBuildFile; fileRef = 82B7F967AA0F4F10B38377A6 /* BookRenderer.swift */; };
		1EFE1337B16A4549B5215CA2 /* DefinitionFormatting.swift in Sources */ = {isa = PBXBuildFile; fileRef = 0EA06D90776A4733A61D12AC /* DefinitionFormatting.swift */; };
		0C52B11A8AC442D5839E8496 /* PDFSupport.swift in Sources */ = {isa = PBXBuildFile; fileRef = EB020BB1462D4ED28A51D7AA /* PDFSupport.swift */; };
		5F0788B29BF4450DA0F29712 /* ReaderView.swift in Sources */ = {isa = PBXBuildFile; fileRef = 749DA65CE10442CEB827C46E /* ReaderView.swift */; };
		615F192ECE164DBDBDC276C9 /* ReadingSettingsSheet.swift in Sources */ = {isa = PBXBuildFile; fileRef = 71EC3B43737A4B96BEA56C7B /* ReadingSettingsSheet.swift */; };
		BB401866D19E4166BE88571D /* TextReaderView.swift in Sources */ = {isa = PBXBuildFile; fileRef = 7033EB91743D46B5B737049B /* TextReaderView.swift */; };
		755DC64D5B2041E09E13414D /* RootView.swift in Sources */ = {isa = PBXBuildFile; fileRef = 7FB1DEE67CFC4402A3A79EF9 /* RootView.swift */; };
		BA5E601ACA09434DA98B5FFB /* SettingsView.swift in Sources */ = {isa = PBXBuildFile; fileRef = FA2A0C1A05254F59BD3CD7F3 /* SettingsView.swift */; };
		BB1807BE624B40CBBB73740E /* Assets.xcassets in Resources */ = {isa = PBXBuildFile; fileRef = 94818CE3F20C449791877756 /* Assets.xcassets */; };
/* End PBXBuildFile section */

/* Begin PBXFileReference section */
		6B8CF4E847AD4FB6A9DCF2EA /* App.swift */ = {isa = PBXFileReference; lastKnownFileType = sourcecode.swift; name = "App.swift"; path = "App.swift"; sourceTree = "<group>"; };
		00C9593F4D0D4CF89BA237CC /* CacheRepository.swift */ = {isa = PBXFileReference; lastKnownFileType = sourcecode.swift; name = "CacheRepository.swift"; path = "Data/CacheRepository.swift"; sourceTree = "<group>"; };
		56748C0C3A33450A9ABD0DAE /* Database.swift */ = {isa = PBXFileReference; lastKnownFileType = sourcecode.swift; name = "Database.swift"; path = "Data/Database.swift"; sourceTree = "<group>"; };
		A79BCB5DFBA8424699B83C3D /* DictionaryRepository.swift */ = {isa = PBXFileReference; lastKnownFileType = sourcecode.swift; name = "DictionaryRepository.swift"; path = "Data/DictionaryRepository.swift"; sourceTree = "<group>"; };
		78190B3E88DF40248939C573 /* LibraryRepository.swift */ = {isa = PBXFileReference; lastKnownFileType = sourcecode.swift; name = "LibraryRepository.swift"; path = "Data/LibraryRepository.swift"; sourceTree = "<group>"; };
		282D2436EDF645808E0EB2A3 /* SettingsStore.swift */ = {isa = PBXFileReference; lastKnownFileType = sourcecode.swift; name = "SettingsStore.swift"; path = "Data/SettingsStore.swift"; sourceTree = "<group>"; };
		1DB04E36A48245039918344E /* AppSettings.swift */ = {isa = PBXFileReference; lastKnownFileType = sourcecode.swift; name = "AppSettings.swift"; path = "Models/AppSettings.swift"; sourceTree = "<group>"; };
		D58DB26F5C394C22A434D235 /* DictionaryEntry.swift */ = {isa = PBXFileReference; lastKnownFileType = sourcecode.swift; name = "DictionaryEntry.swift"; path = "Models/DictionaryEntry.swift"; sourceTree = "<group>"; };
		CB17B5D8C77C43A891D0A9F9 /* DocumentFormat.swift */ = {isa = PBXFileReference; lastKnownFileType = sourcecode.swift; name = "DocumentFormat.swift"; path = "Models/DocumentFormat.swift"; sourceTree = "<group>"; };
		DFE1C885CF3A451498E52C65 /* LibraryDocument.swift */ = {isa = PBXFileReference; lastKnownFileType = sourcecode.swift; name = "LibraryDocument.swift"; path = "Models/LibraryDocument.swift"; sourceTree = "<group>"; };
		BAE20AA933DC462B8EF6BC47 /* ReaderStyle.swift */ = {isa = PBXFileReference; lastKnownFileType = sourcecode.swift; name = "ReaderStyle.swift"; path = "Models/ReaderStyle.swift"; sourceTree = "<group>"; };
		E5F2A3F3F4A84EE89F0DAA9A /* TranslationModels.swift */ = {isa = PBXFileReference; lastKnownFileType = sourcecode.swift; name = "TranslationModels.swift"; path = "Models/TranslationModels.swift"; sourceTree = "<group>"; };
		3A2237A205D24FBFAAE293CA /* BookContent.swift */ = {isa = PBXFileReference; lastKnownFileType = sourcecode.swift; name = "BookContent.swift"; path = "Services/Book/BookContent.swift"; sourceTree = "<group>"; };
		A2EECB3DB20748D29040A4D7 /* EpubParser.swift */ = {isa = PBXFileReference; lastKnownFileType = sourcecode.swift; name = "EpubParser.swift"; path = "Services/Book/EpubParser.swift"; sourceTree = "<group>"; };
		3159F882027F431F9FDF5FAC /* HtmlParser.swift */ = {isa = PBXFileReference; lastKnownFileType = sourcecode.swift; name = "HtmlParser.swift"; path = "Services/Book/HtmlParser.swift"; sourceTree = "<group>"; };
		24E5015950E34201BF13AF3A /* HtmlText.swift */ = {isa = PBXFileReference; lastKnownFileType = sourcecode.swift; name = "HtmlText.swift"; path = "Services/Book/HtmlText.swift"; sourceTree = "<group>"; };
		E0F447387B6D4595B0BF6E11 /* Zip.swift */ = {isa = PBXFileReference; lastKnownFileType = sourcecode.swift; name = "Zip.swift"; path = "Services/Book/Zip.swift"; sourceTree = "<group>"; };
		801E5373ECF94379AD60F625 /* DictionaryApiProvider.swift */ = {isa = PBXFileReference; lastKnownFileType = sourcecode.swift; name = "DictionaryApiProvider.swift"; path = "Services/Providers/DictionaryApiProvider.swift"; sourceTree = "<group>"; };
		A05038BE05FA47A68F8000C2 /* GoogleUnofficialProvider.swift */ = {isa = PBXFileReference; lastKnownFileType = sourcecode.swift; name = "GoogleUnofficialProvider.swift"; path = "Services/Providers/GoogleUnofficialProvider.swift"; sourceTree = "<group>"; };
		A2D7857F1DEE4F439AF694D6 /* MyMemoryProvider.swift */ = {isa = PBXFileReference; lastKnownFileType = sourcecode.swift; name = "MyMemoryProvider.swift"; path = "Services/Providers/MyMemoryProvider.swift"; sourceTree = "<group>"; };
		DF7649E684D04BCD9010A518 /* WiktionaryProvider.swift */ = {isa = PBXFileReference; lastKnownFileType = sourcecode.swift; name = "WiktionaryProvider.swift"; path = "Services/Providers/WiktionaryProvider.swift"; sourceTree = "<group>"; };
		0649809065344FF683825563 /* TranslationService.swift */ = {isa = PBXFileReference; lastKnownFileType = sourcecode.swift; name = "TranslationService.swift"; path = "Services/TranslationService.swift"; sourceTree = "<group>"; };
		B265CB6B1540422D99D3E323 /* AppState.swift */ = {isa = PBXFileReference; lastKnownFileType = sourcecode.swift; name = "AppState.swift"; path = "Store/AppState.swift"; sourceTree = "<group>"; };
		EB8786845E654FDDA924A315 /* TermMatcher.swift */ = {isa = PBXFileReference; lastKnownFileType = sourcecode.swift; name = "TermMatcher.swift"; path = "Text/TermMatcher.swift"; sourceTree = "<group>"; };
		21F2A81A54494256AE3BA6DC /* TextNormalizer.swift */ = {isa = PBXFileReference; lastKnownFileType = sourcecode.swift; name = "TextNormalizer.swift"; path = "Text/TextNormalizer.swift"; sourceTree = "<group>"; };
		87157EF6198C40FF84BC1098 /* DictionaryView.swift */ = {isa = PBXFileReference; lastKnownFileType = sourcecode.swift; name = "DictionaryView.swift"; path = "UI/Dictionary/DictionaryView.swift"; sourceTree = "<group>"; };
		312218425D65413691599CD2 /* EntryEditView.swift */ = {isa = PBXFileReference; lastKnownFileType = sourcecode.swift; name = "EntryEditView.swift"; path = "UI/Dictionary/EntryEditView.swift"; sourceTree = "<group>"; };
		63E429D9E94645F2A83E2523 /* LibraryView.swift */ = {isa = PBXFileReference; lastKnownFileType = sourcecode.swift; name = "LibraryView.swift"; path = "UI/Library/LibraryView.swift"; sourceTree = "<group>"; };
		9577A1AD04A84EC69B921182 /* AddEntrySheet.swift */ = {isa = PBXFileReference; lastKnownFileType = sourcecode.swift; name = "AddEntrySheet.swift"; path = "UI/Reader/AddEntrySheet.swift"; sourceTree = "<group>"; };
		82B7F967AA0F4F10B38377A6 /* BookRenderer.swift */ = {isa = PBXFileReference; lastKnownFileType = sourcecode.swift; name = "BookRenderer.swift"; path = "UI/Reader/BookRenderer.swift"; sourceTree = "<group>"; };
		0EA06D90776A4733A61D12AC /* DefinitionFormatting.swift */ = {isa = PBXFileReference; lastKnownFileType = sourcecode.swift; name = "DefinitionFormatting.swift"; path = "UI/Reader/DefinitionFormatting.swift"; sourceTree = "<group>"; };
		EB020BB1462D4ED28A51D7AA /* PDFSupport.swift */ = {isa = PBXFileReference; lastKnownFileType = sourcecode.swift; name = "PDFSupport.swift"; path = "UI/Reader/PDFSupport.swift"; sourceTree = "<group>"; };
		749DA65CE10442CEB827C46E /* ReaderView.swift */ = {isa = PBXFileReference; lastKnownFileType = sourcecode.swift; name = "ReaderView.swift"; path = "UI/Reader/ReaderView.swift"; sourceTree = "<group>"; };
		71EC3B43737A4B96BEA56C7B /* ReadingSettingsSheet.swift */ = {isa = PBXFileReference; lastKnownFileType = sourcecode.swift; name = "ReadingSettingsSheet.swift"; path = "UI/Reader/ReadingSettingsSheet.swift"; sourceTree = "<group>"; };
		7033EB91743D46B5B737049B /* TextReaderView.swift */ = {isa = PBXFileReference; lastKnownFileType = sourcecode.swift; name = "TextReaderView.swift"; path = "UI/Reader/TextReaderView.swift"; sourceTree = "<group>"; };
		7FB1DEE67CFC4402A3A79EF9 /* RootView.swift */ = {isa = PBXFileReference; lastKnownFileType = sourcecode.swift; name = "RootView.swift"; path = "UI/RootView.swift"; sourceTree = "<group>"; };
		FA2A0C1A05254F59BD3CD7F3 /* SettingsView.swift */ = {isa = PBXFileReference; lastKnownFileType = sourcecode.swift; name = "SettingsView.swift"; path = "UI/Settings/SettingsView.swift"; sourceTree = "<group>"; };
		94818CE3F20C449791877756 /* Assets.xcassets */ = {isa = PBXFileReference; lastKnownFileType = folder.assetcatalog; path = Assets.xcassets; sourceTree = "<group>"; };
		1C1F50363150414586D50D7D /* eng.app */ = {isa = PBXFileReference; explicitFileType = wrapper.application; includeInIndex = 0; path = eng.app; sourceTree = BUILT_PRODUCTS_DIR; };
/* End PBXFileReference section */

/* Begin PBXFrameworksBuildPhase section */
		8FD0404187EA47FCB0321CC1 = {isa = PBXFrameworksBuildPhase; buildActionMask = 2147483647; files = (
		); runOnlyForDeploymentPostprocessing = 0; };
/* End PBXFrameworksBuildPhase section */

/* Begin PBXGroup section */
		3554682016544474B4973C34 = {isa = PBXGroup; children = (
			8B6658E8088F45E6A7558161 /* Eng */,
			CC2492E833D7414582086812 /* Products */,
		); sourceTree = "<group>"; };
		8B6658E8088F45E6A7558161 /* Eng */ = {isa = PBXGroup; children = (
			6B8CF4E847AD4FB6A9DCF2EA /* App.swift */,
			00C9593F4D0D4CF89BA237CC /* CacheRepository.swift */,
			56748C0C3A33450A9ABD0DAE /* Database.swift */,
			A79BCB5DFBA8424699B83C3D /* DictionaryRepository.swift */,
			78190B3E88DF40248939C573 /* LibraryRepository.swift */,
			282D2436EDF645808E0EB2A3 /* SettingsStore.swift */,
			1DB04E36A48245039918344E /* AppSettings.swift */,
			D58DB26F5C394C22A434D235 /* DictionaryEntry.swift */,
			CB17B5D8C77C43A891D0A9F9 /* DocumentFormat.swift */,
			DFE1C885CF3A451498E52C65 /* LibraryDocument.swift */,
			BAE20AA933DC462B8EF6BC47 /* ReaderStyle.swift */,
			E5F2A3F3F4A84EE89F0DAA9A /* TranslationModels.swift */,
			3A2237A205D24FBFAAE293CA /* BookContent.swift */,
			A2EECB3DB20748D29040A4D7 /* EpubParser.swift */,
			3159F882027F431F9FDF5FAC /* HtmlParser.swift */,
			24E5015950E34201BF13AF3A /* HtmlText.swift */,
			E0F447387B6D4595B0BF6E11 /* Zip.swift */,
			801E5373ECF94379AD60F625 /* DictionaryApiProvider.swift */,
			A05038BE05FA47A68F8000C2 /* GoogleUnofficialProvider.swift */,
			A2D7857F1DEE4F439AF694D6 /* MyMemoryProvider.swift */,
			DF7649E684D04BCD9010A518 /* WiktionaryProvider.swift */,
			0649809065344FF683825563 /* TranslationService.swift */,
			B265CB6B1540422D99D3E323 /* AppState.swift */,
			EB8786845E654FDDA924A315 /* TermMatcher.swift */,
			21F2A81A54494256AE3BA6DC /* TextNormalizer.swift */,
			87157EF6198C40FF84BC1098 /* DictionaryView.swift */,
			312218425D65413691599CD2 /* EntryEditView.swift */,
			63E429D9E94645F2A83E2523 /* LibraryView.swift */,
			9577A1AD04A84EC69B921182 /* AddEntrySheet.swift */,
			82B7F967AA0F4F10B38377A6 /* BookRenderer.swift */,
			0EA06D90776A4733A61D12AC /* DefinitionFormatting.swift */,
			EB020BB1462D4ED28A51D7AA /* PDFSupport.swift */,
			749DA65CE10442CEB827C46E /* ReaderView.swift */,
			71EC3B43737A4B96BEA56C7B /* ReadingSettingsSheet.swift */,
			7033EB91743D46B5B737049B /* TextReaderView.swift */,
			7FB1DEE67CFC4402A3A79EF9 /* RootView.swift */,
			FA2A0C1A05254F59BD3CD7F3 /* SettingsView.swift */,
			94818CE3F20C449791877756 /* Assets.xcassets */,
		); path = Eng; sourceTree = "<group>"; };
		CC2492E833D7414582086812 /* Products */ = {isa = PBXGroup; children = (
			1C1F50363150414586D50D7D /* eng.app */,
		); name = Products; sourceTree = "<group>"; };
/* End PBXGroup section */

/* Begin PBXNativeTarget section */
		CD799B8BD3AF4D3C8ECF0234 /* eng */ = {isa = PBXNativeTarget; buildConfigurationList = 604624EAC70542C9BB36F23E; buildPhases = (
			94C89EF6878449AC8A0B4128 /* Sources */,
			8FD0404187EA47FCB0321CC1 /* Frameworks */,
			FA24B461B0DA4987AC3BD21B /* Resources */,
		); buildRules = (
		); dependencies = (
		); name = eng; productName = eng; productReference = 1C1F50363150414586D50D7D /* eng.app */; productType = "com.apple.product-type.application"; };
/* End PBXNativeTarget section */

/* Begin PBXProject section */
		144DC63E3ABA4A6AA4B65326 = {isa = PBXProject; attributes = { BuildIndependentTargetsInParallel = 1; LastSwiftUpdateCheck = 1540; LastUpgradeCheck = 1540; TargetAttributes = { CD799B8BD3AF4D3C8ECF0234 = { CreatedOnToolsVersion = 15.4; }; }; }; buildConfigurationList = 1E030BC16F1140D4883B7E7D; compatibilityVersion = "Xcode 14.0"; developmentRegion = en; hasScannedForEncodings = 0; knownRegions = (
			en,
			Base,
		); mainGroup = 3554682016544474B4973C34; productRefGroup = CC2492E833D7414582086812 /* Products */; projectDirPath = ""; projectRoot = ""; targets = (
			CD799B8BD3AF4D3C8ECF0234 /* eng */,
		); };
/* End PBXProject section */

/* Begin PBXResourcesBuildPhase section */
		FA24B461B0DA4987AC3BD21B /* Resources */ = {isa = PBXResourcesBuildPhase; buildActionMask = 2147483647; files = (
			BB1807BE624B40CBBB73740E /* Assets.xcassets in Resources */,
		); runOnlyForDeploymentPostprocessing = 0; };
/* End PBXResourcesBuildPhase section */

/* Begin PBXSourcesBuildPhase section */
		94C89EF6878449AC8A0B4128 /* Sources */ = {isa = PBXSourcesBuildPhase; buildActionMask = 2147483647; files = (
			DED4D0B5EB3A4C628EC65971 /* App.swift in Sources */,
			47A1631D3FCB4C3BA8C25161 /* CacheRepository.swift in Sources */,
			A33C2531AB634A0D90508CE1 /* Database.swift in Sources */,
			1C28D682C31B4EE3B140405A /* DictionaryRepository.swift in Sources */,
			2FF9D35C9B3347C6B474A9A7 /* LibraryRepository.swift in Sources */,
			DEFB6DE3F6AF43198B109C5B /* SettingsStore.swift in Sources */,
			6BBA2EA1BD2640A2BEBF477C /* AppSettings.swift in Sources */,
			CC47BB83E9534C8193D2274F /* DictionaryEntry.swift in Sources */,
			2EB304AA652143128CDD944F /* DocumentFormat.swift in Sources */,
			C0FC282F090441D2BD4EF3A1 /* LibraryDocument.swift in Sources */,
			0D06DC7BD6714F4FAD902A95 /* ReaderStyle.swift in Sources */,
			DE7B49AD7FBA42599E23DCFB /* TranslationModels.swift in Sources */,
			507317E5125B4A95B8C2EC49 /* BookContent.swift in Sources */,
			D0D7E6055B3A435DA8932591 /* EpubParser.swift in Sources */,
			3F3E4243226F42498C2568E9 /* HtmlParser.swift in Sources */,
			F88F523704034BCCA5443E44 /* HtmlText.swift in Sources */,
			A6DDC7770C714B1BB913F7E3 /* Zip.swift in Sources */,
			CCF043EA09D248C0A5122C06 /* DictionaryApiProvider.swift in Sources */,
			E13E007D36464D39BF0C3D60 /* GoogleUnofficialProvider.swift in Sources */,
			73BCA48CF6BB41E0A12557A7 /* MyMemoryProvider.swift in Sources */,
			624476343C7D4419954D4F00 /* WiktionaryProvider.swift in Sources */,
			3B2270B08825465397531516 /* TranslationService.swift in Sources */,
			6D813E712410454EBF3A14BB /* AppState.swift in Sources */,
			389BD92A6D8B48F5946F28B1 /* TermMatcher.swift in Sources */,
			8364459072AC4E37AABB4F83 /* TextNormalizer.swift in Sources */,
			9AE983AC7FBD4A7980D992FC /* DictionaryView.swift in Sources */,
			A19F2803DC0843C9A1654957 /* EntryEditView.swift in Sources */,
			8F396AED469944F5897196BF /* LibraryView.swift in Sources */,
			AFA4E5855F1A492CB2918B55 /* AddEntrySheet.swift in Sources */,
			C291A0C274AE415289A9C613 /* BookRenderer.swift in Sources */,
			1EFE1337B16A4549B5215CA2 /* DefinitionFormatting.swift in Sources */,
			0C52B11A8AC442D5839E8496 /* PDFSupport.swift in Sources */,
			5F0788B29BF4450DA0F29712 /* ReaderView.swift in Sources */,
			615F192ECE164DBDBDC276C9 /* ReadingSettingsSheet.swift in Sources */,
			BB401866D19E4166BE88571D /* TextReaderView.swift in Sources */,
			755DC64D5B2041E09E13414D /* RootView.swift in Sources */,
			BA5E601ACA09434DA98B5FFB /* SettingsView.swift in Sources */,
		); runOnlyForDeploymentPostprocessing = 0; };
/* End PBXSourcesBuildPhase section */

/* Begin XCBuildConfiguration section */
		4E8D063325144181889B70E3 /* Debug */ = {isa = XCBuildConfiguration; buildSettings = {
				ALWAYS_SEARCH_USER_PATHS = NO;
				ASSETCATALOG_COMPILER_GENERATE_SWIFT_ASSET_SYMBOL_EXTENSIONS = YES;
				CLANG_ANALYZER_NONNULL = YES;
				CLANG_ANALYZER_NUMBER_OBJECT_CONVERSION = YES_AGGRESSIVE;
				CLANG_CXX_LANGUAGE_STANDARD = "gnu++20";
				CLANG_ENABLE_MODULES = YES;
				CLANG_ENABLE_OBJC_ARC = YES;
				CLANG_ENABLE_OBJC_WEAK = YES;
				CLANG_WARN_DOCUMENTATION_COMMENTS = YES;
				CLANG_WARN_UNGUARDED_AVAILABILITY = YES_AGGRESSIVE;
				COPY_PHASE_STRIP = NO;
				ENABLE_STRICT_OBJC_MSGSEND = YES;
				ENABLE_USER_SCRIPT_SANDBOXING = YES;
				GCC_C_LANGUAGE_STANDARD = gnu17;
				GCC_NO_COMMON_BLOCKS = YES;
				IPHONEOS_DEPLOYMENT_TARGET = 17.0;
				LOCALIZATION_PREFERS_STRING_CATALOGS = YES;
				MTL_FAST_MATH = YES;
				SDKROOT = iphoneos;
				DEBUG_INFORMATION_FORMAT = dwarf;
				ENABLE_TESTABILITY = YES;
				GCC_DYNAMIC_NO_PIC = NO;
				GCC_OPTIMIZATION_LEVEL = 0;
				GCC_PREPROCESSOR_DEFINITIONS = (
					"DEBUG=1",
					"$(inherited)",
				);
				MTL_ENABLE_DEBUG_INFO = INCLUDE_SOURCE;
				ONLY_ACTIVE_ARCH = YES;
				SWIFT_ACTIVE_COMPILATION_CONDITIONS = "DEBUG $(inherited)";
				SWIFT_OPTIMIZATION_LEVEL = "-Onone";
			}; name = Debug; };
		94F00E5B45CA48CB8B9648CA /* Release */ = {isa = XCBuildConfiguration; buildSettings = {
				ALWAYS_SEARCH_USER_PATHS = NO;
				ASSETCATALOG_COMPILER_GENERATE_SWIFT_ASSET_SYMBOL_EXTENSIONS = YES;
				CLANG_ANALYZER_NONNULL = YES;
				CLANG_ANALYZER_NUMBER_OBJECT_CONVERSION = YES_AGGRESSIVE;
				CLANG_CXX_LANGUAGE_STANDARD = "gnu++20";
				CLANG_ENABLE_MODULES = YES;
				CLANG_ENABLE_OBJC_ARC = YES;
				CLANG_ENABLE_OBJC_WEAK = YES;
				CLANG_WARN_DOCUMENTATION_COMMENTS = YES;
				CLANG_WARN_UNGUARDED_AVAILABILITY = YES_AGGRESSIVE;
				COPY_PHASE_STRIP = NO;
				ENABLE_STRICT_OBJC_MSGSEND = YES;
				ENABLE_USER_SCRIPT_SANDBOXING = YES;
				GCC_C_LANGUAGE_STANDARD = gnu17;
				GCC_NO_COMMON_BLOCKS = YES;
				IPHONEOS_DEPLOYMENT_TARGET = 17.0;
				LOCALIZATION_PREFERS_STRING_CATALOGS = YES;
				MTL_FAST_MATH = YES;
				SDKROOT = iphoneos;
				DEBUG_INFORMATION_FORMAT = "dwarf-with-dsym";
				ENABLE_NS_ASSERTIONS = NO;
				MTL_ENABLE_DEBUG_INFO = NO;
				SWIFT_COMPILATION_MODE = wholemodule;
				SWIFT_OPTIMIZATION_LEVEL = "-O";
				VALIDATE_PRODUCT = YES;
			}; name = Release; };
		4F6B4412D4AD4ECABF296FF6 /* Debug */ = {isa = XCBuildConfiguration; buildSettings = {
				ASSETCATALOG_COMPILER_APPICON_NAME = AppIcon;
				CODE_SIGN_STYLE = Automatic;
				CURRENT_PROJECT_VERSION = 1;
				DEVELOPMENT_TEAM = GH6HRY4EWZ;
				ENABLE_PREVIEWS = YES;
				GENERATE_INFOPLIST_FILE = YES;
				INFOPLIST_KEY_CFBundleDisplayName = eng;
				INFOPLIST_KEY_UILaunchScreen_Generation = YES;
				INFOPLIST_KEY_UISupportedInterfaceOrientations = "UIInterfaceOrientationPortrait UIInterfaceOrientationLandscapeLeft UIInterfaceOrientationLandscapeRight";
				IPHONEOS_DEPLOYMENT_TARGET = 17.0;
				LD_RUNPATH_SEARCH_PATHS = (
					"$(inherited)",
					"@executable_path/Frameworks",
				);
				MARKETING_VERSION = 1.0;
				OTHER_LDFLAGS = (
					"$(inherited)",
					"-lsqlite3",
				);
				PRODUCT_BUNDLE_IDENTIFIER = com.coloristique.eng;
				PRODUCT_NAME = "$(TARGET_NAME)";
				SWIFT_EMIT_LOC_STRINGS = YES;
				SWIFT_VERSION = 5.0;
				TARGETED_DEVICE_FAMILY = 1;
			}; name = Debug; };
		E7090A0DE2F64244880FC68F /* Release */ = {isa = XCBuildConfiguration; buildSettings = {
				ASSETCATALOG_COMPILER_APPICON_NAME = AppIcon;
				CODE_SIGN_STYLE = Automatic;
				CURRENT_PROJECT_VERSION = 1;
				DEVELOPMENT_TEAM = GH6HRY4EWZ;
				ENABLE_PREVIEWS = YES;
				GENERATE_INFOPLIST_FILE = YES;
				INFOPLIST_KEY_CFBundleDisplayName = eng;
				INFOPLIST_KEY_UILaunchScreen_Generation = YES;
				INFOPLIST_KEY_UISupportedInterfaceOrientations = "UIInterfaceOrientationPortrait UIInterfaceOrientationLandscapeLeft UIInterfaceOrientationLandscapeRight";
				IPHONEOS_DEPLOYMENT_TARGET = 17.0;
				LD_RUNPATH_SEARCH_PATHS = (
					"$(inherited)",
					"@executable_path/Frameworks",
				);
				MARKETING_VERSION = 1.0;
				OTHER_LDFLAGS = (
					"$(inherited)",
					"-lsqlite3",
				);
				PRODUCT_BUNDLE_IDENTIFIER = com.coloristique.eng;
				PRODUCT_NAME = "$(TARGET_NAME)";
				SWIFT_EMIT_LOC_STRINGS = YES;
				SWIFT_VERSION = 5.0;
				TARGETED_DEVICE_FAMILY = 1;
			}; name = Release; };
/* End XCBuildConfiguration section */

/* Begin XCConfigurationList section */
		1E030BC16F1140D4883B7E7D /* Build configuration list for PBXProject */ = {isa = XCConfigurationList; buildConfigurations = (
			4E8D063325144181889B70E3 /* Debug */,
			94F00E5B45CA48CB8B9648CA /* Release */,
		); defaultConfigurationIsVisible = 0; defaultConfigurationName = Release; };
		604624EAC70542C9BB36F23E /* Build configuration list for PBXNativeTarget */ = {isa = XCConfigurationList; buildConfigurations = (
			4F6B4412D4AD4ECABF296FF6 /* Debug */,
			E7090A0DE2F64244880FC68F /* Release */,
		); defaultConfigurationIsVisible = 0; defaultConfigurationName = Release; };
/* End XCConfigurationList section */
	};
	rootObject = 144DC63E3ABA4A6AA4B65326;
}
