// !$*UTF8*$!
{
	archiveVersion = 1;
	classes = {
	};
	objectVersion = 56;
	objects = {

/* Begin PBXBuildFile section */
		99A47C41CAE7443EABBCCA40 /* App.swift in Sources */ = {isa = PBXBuildFile; fileRef = D7E9925E65FF4A49BA4B49F6 /* App.swift */; };
		5C089446B73846D2B94B6F14 /* CacheRepository.swift in Sources */ = {isa = PBXBuildFile; fileRef = 2D0CF930A66A4E9A875A2ED0 /* CacheRepository.swift */; };
		B054335D381A4005A1AEA716 /* Database.swift in Sources */ = {isa = PBXBuildFile; fileRef = 3E6BBB3D8CD84E86B449D7AE /* Database.swift */; };
		A743A9FCEEBA4F2090F3375C /* DictionaryRepository.swift in Sources */ = {isa = PBXBuildFile; fileRef = 0EF5A96898AF404EAB9BD4F3 /* DictionaryRepository.swift */; };
		43315EDEAF4442699217A954 /* LibraryRepository.swift in Sources */ = {isa = PBXBuildFile; fileRef = DAD5DDFD23D14117B24A4301 /* LibraryRepository.swift */; };
		0D5C5C45C8C945F6B456DDBD /* SettingsStore.swift in Sources */ = {isa = PBXBuildFile; fileRef = F814174EFDBC45A68F70CDAD /* SettingsStore.swift */; };
		FDD3EC54AD45400F8E4F2CA2 /* AppSettings.swift in Sources */ = {isa = PBXBuildFile; fileRef = 8D802ABB4D7E4F3A9DC65279 /* AppSettings.swift */; };
		66C98B88F5B74F64928EA65A /* DictionaryEntry.swift in Sources */ = {isa = PBXBuildFile; fileRef = 48C44A6EC51847C6A619E3D2 /* DictionaryEntry.swift */; };
		C0392FDC13FB4228A041BB83 /* DocumentFormat.swift in Sources */ = {isa = PBXBuildFile; fileRef = BBC240F667D84CDF9160F34C /* DocumentFormat.swift */; };
		18ACD5DFF74E483397E58CE1 /* LibraryDocument.swift in Sources */ = {isa = PBXBuildFile; fileRef = C6924AA70836458AAD774682 /* LibraryDocument.swift */; };
		54B2EBDB7F8B4335BD77E37D /* ReaderStyle.swift in Sources */ = {isa = PBXBuildFile; fileRef = 3CADABC7C6B34230B9237E62 /* ReaderStyle.swift */; };
		3E47B72ADD3F4CF6BFD28F54 /* TranslationModels.swift in Sources */ = {isa = PBXBuildFile; fileRef = 72F272F6D3A34CA081C25173 /* TranslationModels.swift */; };
		EFF85317D4D64747AAFEA1B5 /* BookContent.swift in Sources */ = {isa = PBXBuildFile; fileRef = F7A85CFEC542414282649CEB /* BookContent.swift */; };
		3E6E6B19F4B947F0A826D33B /* EpubParser.swift in Sources */ = {isa = PBXBuildFile; fileRef = 2E8F20EE445044279461A357 /* EpubParser.swift */; };
		44058CA2DB1A493388788C40 /* HtmlParser.swift in Sources */ = {isa = PBXBuildFile; fileRef = 79ABE7ED402D4A8E86F2A6C2 /* HtmlParser.swift */; };
		461369B92D39492F984F67F3 /* HtmlText.swift in Sources */ = {isa = PBXBuildFile; fileRef = DBB9C6C72E1E40FFA7B7F23F /* HtmlText.swift */; };
		6C618B09B1AD4288BB1A594B /* Zip.swift in Sources */ = {isa = PBXBuildFile; fileRef = CD75BD1B392D43C9BC5DB77F /* Zip.swift */; };
		F602B569699F4A429454DBD6 /* DictionaryApiProvider.swift in Sources */ = {isa = PBXBuildFile; fileRef = 30DD896FFDE04B6B9F473C59 /* DictionaryApiProvider.swift */; };
		F69BF6DDD4DF4428A817C7EC /* GoogleUnofficialProvider.swift in Sources */ = {isa = PBXBuildFile; fileRef = D0E7635EA4A34DB89D6DBE4F /* GoogleUnofficialProvider.swift */; };
		A67C80FF57594FD3AEB7A127 /* MyMemoryProvider.swift in Sources */ = {isa = PBXBuildFile; fileRef = 232D3F8428E746829BF38556 /* MyMemoryProvider.swift */; };
		3A697BE5DA54448FAFF32899 /* WiktionaryProvider.swift in Sources */ = {isa = PBXBuildFile; fileRef = 23DAB7594F0B4BBB93107F7E /* WiktionaryProvider.swift */; };
		441782672B6F4170A9F957E4 /* TranslationService.swift in Sources */ = {isa = PBXBuildFile; fileRef = 43317A15F57E4BF7BE5F780D /* TranslationService.swift */; };
		58977CAD93A1475384C0C926 /* AppState.swift in Sources */ = {isa = PBXBuildFile; fileRef = 467F06BAC7814ADFA96C2A96 /* AppState.swift */; };
		0492E7EAD00F4E329081EF99 /* TermMatcher.swift in Sources */ = {isa = PBXBuildFile; fileRef = 5201BEC7779D4C1A8EC3E9EB /* TermMatcher.swift */; };
		74305DCBD8E741CF91EA41B4 /* TextNormalizer.swift in Sources */ = {isa = PBXBuildFile; fileRef = 93C76698C37546C680BBEB94 /* TextNormalizer.swift */; };
		D6CF45780528494280ECF3D8 /* DictionaryView.swift in Sources */ = {isa = PBXBuildFile; fileRef = 6937DEEA3502466AAE8C864E /* DictionaryView.swift */; };
		C129D435C1BF42FCB0EBCE14 /* EntryEditView.swift in Sources */ = {isa = PBXBuildFile; fileRef = 59CA11AC498045FCA76CB64F /* EntryEditView.swift */; };
		4DD4122C11754590A3661672 /* LibraryView.swift in Sources */ = {isa = PBXBuildFile; fileRef = AF0211155C3F49799ACED513 /* LibraryView.swift */; };
		D8C1BF00429F479B8154DD2B /* AddEntrySheet.swift in Sources */ = {isa = PBXBuildFile; fileRef = 1BA132E287F5494D9FF911C3 /* AddEntrySheet.swift */; };
		D3F3B05792B44F5BA8ADEB3C /* BookRenderer.swift in Sources */ = {isa = PBXBuildFile; fileRef = 5A00446BFDF14EC58238C801 /* BookRenderer.swift */; };
		8675912856684BA188A47F0E /* DefinitionFormatting.swift in Sources */ = {isa = PBXBuildFile; fileRef = 0332ADE99B0742D8ABF1067D /* DefinitionFormatting.swift */; };
		F0712971E7784C0480263603 /* PDFSupport.swift in Sources */ = {isa = PBXBuildFile; fileRef = 2DD851F3D580493F860A3C4E /* PDFSupport.swift */; };
		D60B4FEC378247EEABC4C90E /* ReaderView.swift in Sources */ = {isa = PBXBuildFile; fileRef = C5B6A58042F244D1B7A431DC /* ReaderView.swift */; };
		6CD01464644A499DB7ABF26B /* ReadingSettingsSheet.swift in Sources */ = {isa = PBXBuildFile; fileRef = 29C2510F315A40F0A0DA50AB /* ReadingSettingsSheet.swift */; };
		BBB8A9735CF442ECA77B464F /* TextReaderView.swift in Sources */ = {isa = PBXBuildFile; fileRef = E8F951BE0EC74D95BCE93DAC /* TextReaderView.swift */; };
		446E77D0DC334BB697293B09 /* RootView.swift in Sources */ = {isa = PBXBuildFile; fileRef = 9944FCA552DA4AA7B0665545 /* RootView.swift */; };
		32DE991A3D9C4342957C77DB /* SettingsView.swift in Sources */ = {isa = PBXBuildFile; fileRef = A58CB513C39244709B75AD3D /* SettingsView.swift */; };
		74BEDDFF44E240ECB94BEA54 /* Assets.xcassets in Resources */ = {isa = PBXBuildFile; fileRef = C90016E857074493A443355F /* Assets.xcassets */; };
/* End PBXBuildFile section */

/* Begin PBXFileReference section */
		D7E9925E65FF4A49BA4B49F6 /* App.swift */ = {isa = PBXFileReference; lastKnownFileType = sourcecode.swift; name = "App.swift"; path = "App.swift"; sourceTree = "<group>"; };
		2D0CF930A66A4E9A875A2ED0 /* CacheRepository.swift */ = {isa = PBXFileReference; lastKnownFileType = sourcecode.swift; name = "CacheRepository.swift"; path = "Data/CacheRepository.swift"; sourceTree = "<group>"; };
		3E6BBB3D8CD84E86B449D7AE /* Database.swift */ = {isa = PBXFileReference; lastKnownFileType = sourcecode.swift; name = "Database.swift"; path = "Data/Database.swift"; sourceTree = "<group>"; };
		0EF5A96898AF404EAB9BD4F3 /* DictionaryRepository.swift */ = {isa = PBXFileReference; lastKnownFileType = sourcecode.swift; name = "DictionaryRepository.swift"; path = "Data/DictionaryRepository.swift"; sourceTree = "<group>"; };
		DAD5DDFD23D14117B24A4301 /* LibraryRepository.swift */ = {isa = PBXFileReference; lastKnownFileType = sourcecode.swift; name = "LibraryRepository.swift"; path = "Data/LibraryRepository.swift"; sourceTree = "<group>"; };
		F814174EFDBC45A68F70CDAD /* SettingsStore.swift */ = {isa = PBXFileReference; lastKnownFileType = sourcecode.swift; name = "SettingsStore.swift"; path = "Data/SettingsStore.swift"; sourceTree = "<group>"; };
		8D802ABB4D7E4F3A9DC65279 /* AppSettings.swift */ = {isa = PBXFileReference; lastKnownFileType = sourcecode.swift; name = "AppSettings.swift"; path = "Models/AppSettings.swift"; sourceTree = "<group>"; };
		48C44A6EC51847C6A619E3D2 /* DictionaryEntry.swift */ = {isa = PBXFileReference; lastKnownFileType = sourcecode.swift; name = "DictionaryEntry.swift"; path = "Models/DictionaryEntry.swift"; sourceTree = "<group>"; };
		BBC240F667D84CDF9160F34C /* DocumentFormat.swift */ = {isa = PBXFileReference; lastKnownFileType = sourcecode.swift; name = "DocumentFormat.swift"; path = "Models/DocumentFormat.swift"; sourceTree = "<group>"; };
		C6924AA70836458AAD774682 /* LibraryDocument.swift */ = {isa = PBXFileReference; lastKnownFileType = sourcecode.swift; name = "LibraryDocument.swift"; path = "Models/LibraryDocument.swift"; sourceTree = "<group>"; };
		3CADABC7C6B34230B9237E62 /* ReaderStyle.swift */ = {isa = PBXFileReference; lastKnownFileType = sourcecode.swift; name = "ReaderStyle.swift"; path = "Models/ReaderStyle.swift"; sourceTree = "<group>"; };
		72F272F6D3A34CA081C25173 /* TranslationModels.swift */ = {isa = PBXFileReference; lastKnownFileType = sourcecode.swift; name = "TranslationModels.swift"; path = "Models/TranslationModels.swift"; sourceTree = "<group>"; };
		F7A85CFEC542414282649CEB /* BookContent.swift */ = {isa = PBXFileReference; lastKnownFileType = sourcecode.swift; name = "BookContent.swift"; path = "Services/Book/BookContent.swift"; sourceTree = "<group>"; };
		2E8F20EE445044279461A357 /* EpubParser.swift */ = {isa = PBXFileReference; lastKnownFileType = sourcecode.swift; name = "EpubParser.swift"; path = "Services/Book/EpubParser.swift"; sourceTree = "<group>"; };
		79ABE7ED402D4A8E86F2A6C2 /* HtmlParser.swift */ = {isa = PBXFileReference; lastKnownFileType = sourcecode.swift; name = "HtmlParser.swift"; path = "Services/Book/HtmlParser.swift"; sourceTree = "<group>"; };
		DBB9C6C72E1E40FFA7B7F23F /* HtmlText.swift */ = {isa = PBXFileReference; lastKnownFileType = sourcecode.swift; name = "HtmlText.swift"; path = "Services/Book/HtmlText.swift"; sourceTree = "<group>"; };
		CD75BD1B392D43C9BC5DB77F /* Zip.swift */ = {isa = PBXFileReference; lastKnownFileType = sourcecode.swift; name = "Zip.swift"; path = "Services/Book/Zip.swift"; sourceTree = "<group>"; };
		30DD896FFDE04B6B9F473C59 /* DictionaryApiProvider.swift */ = {isa = PBXFileReference; lastKnownFileType = sourcecode.swift; name = "DictionaryApiProvider.swift"; path = "Services/Providers/DictionaryApiProvider.swift"; sourceTree = "<group>"; };
		D0E7635EA4A34DB89D6DBE4F /* GoogleUnofficialProvider.swift */ = {isa = PBXFileReference; lastKnownFileType = sourcecode.swift; name = "GoogleUnofficialProvider.swift"; path = "Services/Providers/GoogleUnofficialProvider.swift"; sourceTree = "<group>"; };
		232D3F8428E746829BF38556 /* MyMemoryProvider.swift */ = {isa = PBXFileReference; lastKnownFileType = sourcecode.swift; name = "MyMemoryProvider.swift"; path = "Services/Providers/MyMemoryProvider.swift"; sourceTree = "<group>"; };
		23DAB7594F0B4BBB93107F7E /* WiktionaryProvider.swift */ = {isa = PBXFileReference; lastKnownFileType = sourcecode.swift; name = "WiktionaryProvider.swift"; path = "Services/Providers/WiktionaryProvider.swift"; sourceTree = "<group>"; };
		43317A15F57E4BF7BE5F780D /* TranslationService.swift */ = {isa = PBXFileReference; lastKnownFileType = sourcecode.swift; name = "TranslationService.swift"; path = "Services/TranslationService.swift"; sourceTree = "<group>"; };
		467F06BAC7814ADFA96C2A96 /* AppState.swift */ = {isa = PBXFileReference; lastKnownFileType = sourcecode.swift; name = "AppState.swift"; path = "Store/AppState.swift"; sourceTree = "<group>"; };
		5201BEC7779D4C1A8EC3E9EB /* TermMatcher.swift */ = {isa = PBXFileReference; lastKnownFileType = sourcecode.swift; name = "TermMatcher.swift"; path = "Text/TermMatcher.swift"; sourceTree = "<group>"; };
		93C76698C37546C680BBEB94 /* TextNormalizer.swift */ = {isa = PBXFileReference; lastKnownFileType = sourcecode.swift; name = "TextNormalizer.swift"; path = "Text/TextNormalizer.swift"; sourceTree = "<group>"; };
		6937DEEA3502466AAE8C864E /* DictionaryView.swift */ = {isa = PBXFileReference; lastKnownFileType = sourcecode.swift; name = "DictionaryView.swift"; path = "UI/Dictionary/DictionaryView.swift"; sourceTree = "<group>"; };
		59CA11AC498045FCA76CB64F /* EntryEditView.swift */ = {isa = PBXFileReference; lastKnownFileType = sourcecode.swift; name = "EntryEditView.swift"; path = "UI/Dictionary/EntryEditView.swift"; sourceTree = "<group>"; };
		AF0211155C3F49799ACED513 /* LibraryView.swift */ = {isa = PBXFileReference; lastKnownFileType = sourcecode.swift; name = "LibraryView.swift"; path = "UI/Library/LibraryView.swift"; sourceTree = "<group>"; };
		1BA132E287F5494D9FF911C3 /* AddEntrySheet.swift */ = {isa = PBXFileReference; lastKnownFileType = sourcecode.swift; name = "AddEntrySheet.swift"; path = "UI/Reader/AddEntrySheet.swift"; sourceTree = "<group>"; };
		5A00446BFDF14EC58238C801 /* BookRenderer.swift */ = {isa = PBXFileReference; lastKnownFileType = sourcecode.swift; name = "BookRenderer.swift"; path = "UI/Reader/BookRenderer.swift"; sourceTree = "<group>"; };
		0332ADE99B0742D8ABF1067D /* DefinitionFormatting.swift */ = {isa = PBXFileReference; lastKnownFileType = sourcecode.swift; name = "DefinitionFormatting.swift"; path = "UI/Reader/DefinitionFormatting.swift"; sourceTree = "<group>"; };
		2DD851F3D580493F860A3C4E /* PDFSupport.swift */ = {isa = PBXFileReference; lastKnownFileType = sourcecode.swift; name = "PDFSupport.swift"; path = "UI/Reader/PDFSupport.swift"; sourceTree = "<group>"; };
		C5B6A58042F244D1B7A431DC /* ReaderView.swift */ = {isa = PBXFileReference; lastKnownFileType = sourcecode.swift; name = "ReaderView.swift"; path = "UI/Reader/ReaderView.swift"; sourceTree = "<group>"; };
		29C2510F315A40F0A0DA50AB /* ReadingSettingsSheet.swift */ = {isa = PBXFileReference; lastKnownFileType = sourcecode.swift; name = "ReadingSettingsSheet.swift"; path = "UI/Reader/ReadingSettingsSheet.swift"; sourceTree = "<group>"; };
		E8F951BE0EC74D95BCE93DAC /* TextReaderView.swift */ = {isa = PBXFileReference; lastKnownFileType = sourcecode.swift; name = "TextReaderView.swift"; path = "UI/Reader/TextReaderView.swift"; sourceTree = "<group>"; };
		9944FCA552DA4AA7B0665545 /* RootView.swift */ = {isa = PBXFileReference; lastKnownFileType = sourcecode.swift; name = "RootView.swift"; path = "UI/RootView.swift"; sourceTree = "<group>"; };
		A58CB513C39244709B75AD3D /* SettingsView.swift */ = {isa = PBXFileReference; lastKnownFileType = sourcecode.swift; name = "SettingsView.swift"; path = "UI/Settings/SettingsView.swift"; sourceTree = "<group>"; };
		C90016E857074493A443355F /* Assets.xcassets */ = {isa = PBXFileReference; lastKnownFileType = folder.assetcatalog; path = Assets.xcassets; sourceTree = "<group>"; };
		8C42E6F3890C419F94688E60 /* eng.app */ = {isa = PBXFileReference; explicitFileType = wrapper.application; includeInIndex = 0; path = eng.app; sourceTree = BUILT_PRODUCTS_DIR; };
/* End PBXFileReference section */

/* Begin PBXFrameworksBuildPhase section */
		048D8926172845A884AAFA4F = {isa = PBXFrameworksBuildPhase; buildActionMask = 2147483647; files = (
		); runOnlyForDeploymentPostprocessing = 0; };
/* End PBXFrameworksBuildPhase section */

/* Begin PBXGroup section */
		990B7B2CED0B429CB7E14779 = {isa = PBXGroup; children = (
			7A2A7684D40440D0B4ABEFF5 /* Eng */,
			256A54A6FAB34E05B8E09497 /* Products */,
		); sourceTree = "<group>"; };
		7A2A7684D40440D0B4ABEFF5 /* Eng */ = {isa = PBXGroup; children = (
			D7E9925E65FF4A49BA4B49F6 /* App.swift */,
			2D0CF930A66A4E9A875A2ED0 /* CacheRepository.swift */,
			3E6BBB3D8CD84E86B449D7AE /* Database.swift */,
			0EF5A96898AF404EAB9BD4F3 /* DictionaryRepository.swift */,
			DAD5DDFD23D14117B24A4301 /* LibraryRepository.swift */,
			F814174EFDBC45A68F70CDAD /* SettingsStore.swift */,
			8D802ABB4D7E4F3A9DC65279 /* AppSettings.swift */,
			48C44A6EC51847C6A619E3D2 /* DictionaryEntry.swift */,
			BBC240F667D84CDF9160F34C /* DocumentFormat.swift */,
			C6924AA70836458AAD774682 /* LibraryDocument.swift */,
			3CADABC7C6B34230B9237E62 /* ReaderStyle.swift */,
			72F272F6D3A34CA081C25173 /* TranslationModels.swift */,
			F7A85CFEC542414282649CEB /* BookContent.swift */,
			2E8F20EE445044279461A357 /* EpubParser.swift */,
			79ABE7ED402D4A8E86F2A6C2 /* HtmlParser.swift */,
			DBB9C6C72E1E40FFA7B7F23F /* HtmlText.swift */,
			CD75BD1B392D43C9BC5DB77F /* Zip.swift */,
			30DD896FFDE04B6B9F473C59 /* DictionaryApiProvider.swift */,
			D0E7635EA4A34DB89D6DBE4F /* GoogleUnofficialProvider.swift */,
			232D3F8428E746829BF38556 /* MyMemoryProvider.swift */,
			23DAB7594F0B4BBB93107F7E /* WiktionaryProvider.swift */,
			43317A15F57E4BF7BE5F780D /* TranslationService.swift */,
			467F06BAC7814ADFA96C2A96 /* AppState.swift */,
			5201BEC7779D4C1A8EC3E9EB /* TermMatcher.swift */,
			93C76698C37546C680BBEB94 /* TextNormalizer.swift */,
			6937DEEA3502466AAE8C864E /* DictionaryView.swift */,
			59CA11AC498045FCA76CB64F /* EntryEditView.swift */,
			AF0211155C3F49799ACED513 /* LibraryView.swift */,
			1BA132E287F5494D9FF911C3 /* AddEntrySheet.swift */,
			5A00446BFDF14EC58238C801 /* BookRenderer.swift */,
			0332ADE99B0742D8ABF1067D /* DefinitionFormatting.swift */,
			2DD851F3D580493F860A3C4E /* PDFSupport.swift */,
			C5B6A58042F244D1B7A431DC /* ReaderView.swift */,
			29C2510F315A40F0A0DA50AB /* ReadingSettingsSheet.swift */,
			E8F951BE0EC74D95BCE93DAC /* TextReaderView.swift */,
			9944FCA552DA4AA7B0665545 /* RootView.swift */,
			A58CB513C39244709B75AD3D /* SettingsView.swift */,
			C90016E857074493A443355F /* Assets.xcassets */,
		); path = Eng; sourceTree = "<group>"; };
		256A54A6FAB34E05B8E09497 /* Products */ = {isa = PBXGroup; children = (
			8C42E6F3890C419F94688E60 /* eng.app */,
		); name = Products; sourceTree = "<group>"; };
/* End PBXGroup section */

/* Begin PBXNativeTarget section */
		225540E518BB46AD94DE127E /* eng */ = {isa = PBXNativeTarget; buildConfigurationList = 37A60982A9FA4BB3B905D98C; buildPhases = (
			B3B9E798FCBA4712AA53FD95 /* Sources */,
			048D8926172845A884AAFA4F /* Frameworks */,
			C4504114DAC64069BEEA4CE1 /* Resources */,
		); buildRules = (
		); dependencies = (
		); name = eng; productName = eng; productReference = 8C42E6F3890C419F94688E60 /* eng.app */; productType = "com.apple.product-type.application"; };
/* End PBXNativeTarget section */

/* Begin PBXProject section */
		D4CEB466D41D4BF5BA122E1A = {isa = PBXProject; attributes = { BuildIndependentTargetsInParallel = 1; LastSwiftUpdateCheck = 1540; LastUpgradeCheck = 1540; TargetAttributes = { 225540E518BB46AD94DE127E = { CreatedOnToolsVersion = 15.4; }; }; }; buildConfigurationList = A17940A33E304C18B5F04407; compatibilityVersion = "Xcode 14.0"; developmentRegion = en; hasScannedForEncodings = 0; knownRegions = (
			en,
			Base,
		); mainGroup = 990B7B2CED0B429CB7E14779; productRefGroup = 256A54A6FAB34E05B8E09497 /* Products */; projectDirPath = ""; projectRoot = ""; targets = (
			225540E518BB46AD94DE127E /* eng */,
		); };
/* End PBXProject section */

/* Begin PBXResourcesBuildPhase section */
		C4504114DAC64069BEEA4CE1 /* Resources */ = {isa = PBXResourcesBuildPhase; buildActionMask = 2147483647; files = (
			74BEDDFF44E240ECB94BEA54 /* Assets.xcassets in Resources */,
		); runOnlyForDeploymentPostprocessing = 0; };
/* End PBXResourcesBuildPhase section */

/* Begin PBXSourcesBuildPhase section */
		B3B9E798FCBA4712AA53FD95 /* Sources */ = {isa = PBXSourcesBuildPhase; buildActionMask = 2147483647; files = (
			99A47C41CAE7443EABBCCA40 /* App.swift in Sources */,
			5C089446B73846D2B94B6F14 /* CacheRepository.swift in Sources */,
			B054335D381A4005A1AEA716 /* Database.swift in Sources */,
			A743A9FCEEBA4F2090F3375C /* DictionaryRepository.swift in Sources */,
			43315EDEAF4442699217A954 /* LibraryRepository.swift in Sources */,
			0D5C5C45C8C945F6B456DDBD /* SettingsStore.swift in Sources */,
			FDD3EC54AD45400F8E4F2CA2 /* AppSettings.swift in Sources */,
			66C98B88F5B74F64928EA65A /* DictionaryEntry.swift in Sources */,
			C0392FDC13FB4228A041BB83 /* DocumentFormat.swift in Sources */,
			18ACD5DFF74E483397E58CE1 /* LibraryDocument.swift in Sources */,
			54B2EBDB7F8B4335BD77E37D /* ReaderStyle.swift in Sources */,
			3E47B72ADD3F4CF6BFD28F54 /* TranslationModels.swift in Sources */,
			EFF85317D4D64747AAFEA1B5 /* BookContent.swift in Sources */,
			3E6E6B19F4B947F0A826D33B /* EpubParser.swift in Sources */,
			44058CA2DB1A493388788C40 /* HtmlParser.swift in Sources */,
			461369B92D39492F984F67F3 /* HtmlText.swift in Sources */,
			6C618B09B1AD4288BB1A594B /* Zip.swift in Sources */,
			F602B569699F4A429454DBD6 /* DictionaryApiProvider.swift in Sources */,
			F69BF6DDD4DF4428A817C7EC /* GoogleUnofficialProvider.swift in Sources */,
			A67C80FF57594FD3AEB7A127 /* MyMemoryProvider.swift in Sources */,
			3A697BE5DA54448FAFF32899 /* WiktionaryProvider.swift in Sources */,
			441782672B6F4170A9F957E4 /* TranslationService.swift in Sources */,
			58977CAD93A1475384C0C926 /* AppState.swift in Sources */,
			0492E7EAD00F4E329081EF99 /* TermMatcher.swift in Sources */,
			74305DCBD8E741CF91EA41B4 /* TextNormalizer.swift in Sources */,
			D6CF45780528494280ECF3D8 /* DictionaryView.swift in Sources */,
			C129D435C1BF42FCB0EBCE14 /* EntryEditView.swift in Sources */,
			4DD4122C11754590A3661672 /* LibraryView.swift in Sources */,
			D8C1BF00429F479B8154DD2B /* AddEntrySheet.swift in Sources */,
			D3F3B05792B44F5BA8ADEB3C /* BookRenderer.swift in Sources */,
			8675912856684BA188A47F0E /* DefinitionFormatting.swift in Sources */,
			F0712971E7784C0480263603 /* PDFSupport.swift in Sources */,
			D60B4FEC378247EEABC4C90E /* ReaderView.swift in Sources */,
			6CD01464644A499DB7ABF26B /* ReadingSettingsSheet.swift in Sources */,
			BBB8A9735CF442ECA77B464F /* TextReaderView.swift in Sources */,
			446E77D0DC334BB697293B09 /* RootView.swift in Sources */,
			32DE991A3D9C4342957C77DB /* SettingsView.swift in Sources */,
		); runOnlyForDeploymentPostprocessing = 0; };
/* End PBXSourcesBuildPhase section */

/* Begin XCBuildConfiguration section */
		202083B7896A4EFE90B42318 /* Debug */ = {isa = XCBuildConfiguration; buildSettings = {
				ALWAYS_SEARCH_USER_PATHS = NO;
				ASSETCATALOG_COMPILER_GENERATE_SWIFT_ASSET_SYMBOL_EXTENSIONS = YES;
				CLANG_ANALYZER_NONNULL = YES;
				CLANG_ANALYZER_NUMBER_OBJECT_CONVERSION = YES_AGGRESSIVE;
				CLANG_CXX_LANGUAGE_STANDARD = "gnu++20";
				CLANG_ENABLE_MODULES = YES;
				CLANG_ENABLE_OBJC_ARC = YES;
				CLANG_ENABLE_OBJC_WEAK = YES;
				CLANG_WARN_DOCUMENTATION_COMMENTS = YES;
				CLANG_WARN_UNGUARDED_AVAILABILITY = YES_AGGRESSIVE;
				COPY_PHASE_STRIP = NO;
				ENABLE_STRICT_OBJC_MSGSEND = YES;
				ENABLE_USER_SCRIPT_SANDBOXING = YES;
				GCC_C_LANGUAGE_STANDARD = gnu17;
				GCC_NO_COMMON_BLOCKS = YES;
				IPHONEOS_DEPLOYMENT_TARGET = 17.0;
				LOCALIZATION_PREFERS_STRING_CATALOGS = YES;
				MTL_FAST_MATH = YES;
				SDKROOT = iphoneos;
				DEBUG_INFORMATION_FORMAT = dwarf;
				ENABLE_TESTABILITY = YES;
				GCC_DYNAMIC_NO_PIC = NO;
				GCC_OPTIMIZATION_LEVEL = 0;
				GCC_PREPROCESSOR_DEFINITIONS = (
					"DEBUG=1",
					"$(inherited)",
				);
				MTL_ENABLE_DEBUG_INFO = INCLUDE_SOURCE;
				ONLY_ACTIVE_ARCH = YES;
				SWIFT_ACTIVE_COMPILATION_CONDITIONS = "DEBUG $(inherited)";
				SWIFT_OPTIMIZATION_LEVEL = "-Onone";
			}; name = Debug; };
		C58A633F9ED34933860AD037 /* Release */ = {isa = XCBuildConfiguration; buildSettings = {
				ALWAYS_SEARCH_USER_PATHS = NO;
				ASSETCATALOG_COMPILER_GENERATE_SWIFT_ASSET_SYMBOL_EXTENSIONS = YES;
				CLANG_ANALYZER_NONNULL = YES;
				CLANG_ANALYZER_NUMBER_OBJECT_CONVERSION = YES_AGGRESSIVE;
				CLANG_CXX_LANGUAGE_STANDARD = "gnu++20";
				CLANG_ENABLE_MODULES = YES;
				CLANG_ENABLE_OBJC_ARC = YES;
				CLANG_ENABLE_OBJC_WEAK = YES;
				CLANG_WARN_DOCUMENTATION_COMMENTS = YES;
				CLANG_WARN_UNGUARDED_AVAILABILITY = YES_AGGRESSIVE;
				COPY_PHASE_STRIP = NO;
				ENABLE_STRICT_OBJC_MSGSEND = YES;
				ENABLE_USER_SCRIPT_SANDBOXING = YES;
				GCC_C_LANGUAGE_STANDARD = gnu17;
				GCC_NO_COMMON_BLOCKS = YES;
				IPHONEOS_DEPLOYMENT_TARGET = 17.0;
				LOCALIZATION_PREFERS_STRING_CATALOGS = YES;
				MTL_FAST_MATH = YES;
				SDKROOT = iphoneos;
				DEBUG_INFORMATION_FORMAT = "dwarf-with-dsym";
				ENABLE_NS_ASSERTIONS = NO;
				MTL_ENABLE_DEBUG_INFO = NO;
				SWIFT_COMPILATION_MODE = wholemodule;
				SWIFT_OPTIMIZATION_LEVEL = "-O";
				VALIDATE_PRODUCT = YES;
			}; name = Release; };
		DA3107F77C304AA7BD11C468 /* Debug */ = {isa = XCBuildConfiguration; buildSettings = {
				ASSETCATALOG_COMPILER_APPICON_NAME = AppIcon;
				CODE_SIGN_STYLE = Automatic;
				CURRENT_PROJECT_VERSION = 1;
				DEVELOPMENT_TEAM = GH6HRY4EWZ;
				ENABLE_PREVIEWS = YES;
				GENERATE_INFOPLIST_FILE = YES;
				INFOPLIST_KEY_CFBundleDisplayName = eng;
				INFOPLIST_KEY_UILaunchScreen_Generation = YES;
				INFOPLIST_KEY_UISupportedInterfaceOrientations = "UIInterfaceOrientationPortrait UIInterfaceOrientationLandscapeLeft UIInterfaceOrientationLandscapeRight";
				IPHONEOS_DEPLOYMENT_TARGET = 17.0;
				LD_RUNPATH_SEARCH_PATHS = (
					"$(inherited)",
					"@executable_path/Frameworks",
				);
				MARKETING_VERSION = 1.0;
				OTHER_LDFLAGS = (
					"$(inherited)",
					"-lsqlite3",
				);
				PRODUCT_BUNDLE_IDENTIFIER = com.coloristique.eng;
				PRODUCT_NAME = "$(TARGET_NAME)";
				SWIFT_EMIT_LOC_STRINGS = YES;
				SWIFT_VERSION = 5.0;
				TARGETED_DEVICE_FAMILY = 1;
			}; name = Debug; };
		703965B6565E4A5A83882D37 /* Release */ = {isa = XCBuildConfiguration; buildSettings = {
				ASSETCATALOG_COMPILER_APPICON_NAME = AppIcon;
				CODE_SIGN_STYLE = Automatic;
				CURRENT_PROJECT_VERSION = 1;
				DEVELOPMENT_TEAM = GH6HRY4EWZ;
				ENABLE_PREVIEWS = YES;
				GENERATE_INFOPLIST_FILE = YES;
				INFOPLIST_KEY_CFBundleDisplayName = eng;
				INFOPLIST_KEY_UILaunchScreen_Generation = YES;
				INFOPLIST_KEY_UISupportedInterfaceOrientations = "UIInterfaceOrientationPortrait UIInterfaceOrientationLandscapeLeft UIInterfaceOrientationLandscapeRight";
				IPHONEOS_DEPLOYMENT_TARGET = 17.0;
				LD_RUNPATH_SEARCH_PATHS = (
					"$(inherited)",
					"@executable_path/Frameworks",
				);
				MARKETING_VERSION = 1.0;
				OTHER_LDFLAGS = (
					"$(inherited)",
					"-lsqlite3",
				);
				PRODUCT_BUNDLE_IDENTIFIER = com.coloristique.eng;
				PRODUCT_NAME = "$(TARGET_NAME)";
				SWIFT_EMIT_LOC_STRINGS = YES;
				SWIFT_VERSION = 5.0;
				TARGETED_DEVICE_FAMILY = 1;
			}; name = Release; };
/* End XCBuildConfiguration section */

/* Begin XCConfigurationList section */
		A17940A33E304C18B5F04407 /* Build configuration list for PBXProject */ = {isa = XCConfigurationList; buildConfigurations = (
			202083B7896A4EFE90B42318 /* Debug */,
			C58A633F9ED34933860AD037 /* Release */,
		); defaultConfigurationIsVisible = 0; defaultConfigurationName = Release; };
		37A60982A9FA4BB3B905D98C /* Build configuration list for PBXNativeTarget */ = {isa = XCConfigurationList; buildConfigurations = (
			DA3107F77C304AA7BD11C468 /* Debug */,
			703965B6565E4A5A83882D37 /* Release */,
		); defaultConfigurationIsVisible = 0; defaultConfigurationName = Release; };
/* End XCConfigurationList section */
	};
	rootObject = D4CEB466D41D4BF5BA122E1A;
}
